
Microsoft Visual Studio Solution File, Format Version 12.00
# Visual Studio Version 17
VisualStudioVersion = 17.9.34728.123
MinimumVisualStudioVersion = 10.0.40219.1
Project("{2150E333-8FDC-42A3-9474-1A3956D46DE8}") = "src", "src", "{0070E83B-2DDD-4537-A83F-1CF8644F2880}"
EndProject
Project("{2150E333-8FDC-42A3-9474-1A3956D46DE8}") = "test", "test", "{A3C56B2E-55EE-44EC-876E-B03B8DDA3317}"
EndProject
Project("{FAE04EC0-301F-11D3-BF4B-00C04F79EFBC}") = "Codebelt.Extensions.Newtonsoft.Json", "src\Codebelt.Extensions.Newtonsoft.Json\Codebelt.Extensions.Newtonsoft.Json.csproj", "{080BDF91-E7C7-4CB4-A39D-E1A5374C5602}"
EndProject
Project("{FAE04EC0-301F-11D3-BF4B-00C04F79EFBC}") = "Codebelt.Extensions.AspNetCore.Newtonsoft.Json", "src\Codebelt.Extensions.AspNetCore.Newtonsoft.Json\Codebelt.Extensions.AspNetCore.Newtonsoft.Json.csproj", "{AD0ADF91-E7C7-4CB4-A39D-E1A5374C5602}"
EndProject
Project("{FAE04EC0-301F-11D3-BF4B-00C04F79EFBC}") = "Codebelt.Extensions.AspNetCore.Mvc.Formatters.Newtonsoft.Json", "src\Codebelt.Extensions.AspNetCore.Mvc.Formatters.Newtonsoft.Json\Codebelt.Extensions.AspNetCore.Mvc.Formatters.Newtonsoft.Json.csproj", "{A60ADF91-E7C7-4CB4-A39D-E1A5374C5602}"
EndProject
Project("{FAE04EC0-301F-11D3-BF4B-00C04F79EFBC}") = "Codebelt.Extensions.Newtonsoft.Json.App", "src\Codebelt.Extensions.Newtonsoft.Json.App\Codebelt.Extensions.Newtonsoft.Json.App.csproj", "{260BDF91-E7C7-4CB4-A39D-E1A5374C5602}"
EndProject
Project("{FAE04EC0-301F-11D3-BF4B-00C04F79EFBC}") = "Codebelt.Extensions.Newtonsoft.Json.Tests", "test\Codebelt.Extensions.Newtonsoft.Json.Tests\Codebelt.Extensions.Newtonsoft.Json.Tests.csproj", "{90DB61D1-5538-49A4-9F8F-E2F67C1EEED0}"
EndProject
Project("{FAE04EC0-301F-11D3-BF4B-00C04F79EFBC}") = "Codebelt.Extensions.AspNetCore.Mvc.Formatters.Newtonsoft.Json.Tests", "test\Codebelt.Extensions.AspNetCore.Mvc.Formatters.Newtonsoft.Json.Tests\Codebelt.Extensions.AspNetCore.Mvc.Formatters.Newtonsoft.Json.Tests.csproj", "{1CE82D1C-FEC6-4F25-A0FF-94E137F750AF}"
EndProject
Project("{FAE04EC0-301F-11D3-BF4B-00C04F79EFBC}") = "Codebelt.Extensions.AspNetCore.Newtonsoft.Json.Tests", "test\Codebelt.Extensions.AspNetCore.Newtonsoft.Json.Tests\Codebelt.Extensions.AspNetCore.Newtonsoft.Json.Tests.csproj", "{BF6A82F1-93DD-4022-9B20-DF83C3FE3C1B}"
EndProject
Global
	GlobalSection(SolutionConfigurationPlatforms) = preSolution
		Debug|Any CPU = Debug|Any CPU
		Release|Any CPU = Release|Any CPU
	EndGlobalSection
	GlobalSection(ProjectConfigurationPlatforms) = postSolution
		{080BDF91-E7C7-4CB4-A39D-E1A5374C5602}.Debug|Any CPU.ActiveCfg = Debug|Any CPU
		{080BDF91-E7C7-4CB4-A39D-E1A5374C5602}.Debug|Any CPU.Build.0 = Debug|Any CPU
		{080BDF91-E7C7-4CB4-A39D-E1A5374C5602}.Release|Any CPU.ActiveCfg = Release|Any CPU
		{080BDF91-E7C7-4CB4-A39D-E1A5374C5602}.Release|Any CPU.Build.0 = Release|Any CPU
		{AD0ADF91-E7C7-4CB4-A39D-E1A5374C5602}.Debug|Any CPU.ActiveCfg = Debug|Any CPU
		{AD0ADF91-E7C7-4CB4-A39D-E1A5374C5602}.Debug|Any CPU.Build.0 = Debug|Any CPU
		{AD0ADF91-E7C7-4CB4-A39D-E1A5374C5602}.Release|Any CPU.ActiveCfg = Release|Any CPU
		{AD0ADF91-E7C7-4CB4-A39D-E1A5374C5602}.Release|Any CPU.Build.0 = Release|Any CPU
		{A60ADF91-E7C7-4CB4-A39D-E1A5374C5602}.Debug|Any CPU.ActiveCfg = Debug|Any CPU
		{A60ADF91-E7C7-4CB4-A39D-E1A5374C5602}.Debug|Any CPU.Build.0 = Debug|Any CPU
		{A60ADF91-E7C7-4CB4-A39D-E1A5374C5602}.Release|Any CPU.ActiveCfg = Release|Any CPU
		{A60ADF91-E7C7-4CB4-A39D-E1A5374C5602}.Release|Any CPU.Build.0 = Release|Any CPU
		{260BDF91-E7C7-4CB4-A39D-E1A5374C5602}.Debug|Any CPU.ActiveCfg = Debug|Any CPU
		{260BDF91-E7C7-4CB4-A39D-E1A5374C5602}.Debug|Any CPU.Build.0 = Debug|Any CPU
		{260BDF91-E7C7-4CB4-A39D-E1A5374C5602}.Release|Any CPU.ActiveCfg = Release|Any CPU
		{260BDF91-E7C7-4CB4-A39D-E1A5374C5602}.Release|Any CPU.Build.0 = Release|Any CPU
		{90DB61D1-5538-49A4-9F8F-E2F67C1EEED0}.Debug|Any CPU.ActiveCfg = Debug|Any CPU
		{90DB61D1-5538-49A4-9F8F-E2F67C1EEED0}.Debug|Any CPU.Build.0 = Debug|Any CPU
		{90DB61D1-5538-49A4-9F8F-E2F67C1EEED0}.Release|Any CPU.ActiveCfg = Release|Any CPU
		{90DB61D1-5538-49A4-9F8F-E2F67C1EEED0}.Release|Any CPU.Build.0 = Release|Any CPU
		{1CE82D1C-FEC6-4F25-A0FF-94E137F750AF}.Debug|Any CPU.ActiveCfg = Debug|Any CPU
		{1CE82D1C-FEC6-4F25-A0FF-94E137F750AF}.Debug|Any CPU.Build.0 = Debug|Any CPU
		{1CE82D1C-FEC6-4F25-A0FF-94E137F750AF}.Release|Any CPU.ActiveCfg = Release|Any CPU
		{1CE82D1C-FEC6-4F25-A0FF-94E137F750AF}.Release|Any CPU.Build.0 = Release|Any CPU
		{BF6A82F1-93DD-4022-9B20-DF83C3FE3C1B}.Debug|Any CPU.ActiveCfg = Debug|Any CPU
		{BF6A82F1-93DD-4022-9B20-DF83C3FE3C1B}.Debug|Any CPU.Build.0 = Debug|Any CPU
		{BF6A82F1-93DD-4022-9B20-DF83C3FE3C1B}.Release|Any CPU.ActiveCfg = Release|Any CPU
		{BF6A82F1-93DD-4022-9B20-DF83C3FE3C1B}.Release|Any CPU.Build.0 = Release|Any CPU
	EndGlobalSection
	GlobalSection(SolutionProperties) = preSolution
		HideSolutionNode = FALSE
	EndGlobalSection
	GlobalSection(NestedProjects) = preSolution
		{080BDF91-E7C7-4CB4-A39D-E1A5374C5602} = {0070E83B-2DDD-4537-A83F-1CF8644F2880}
		{AD0ADF91-E7C7-4CB4-A39D-E1A5374C5602} = {0070E83B-2DDD-4537-A83F-1CF8644F2880}
		{A60ADF91-E7C7-4CB4-A39D-E1A5374C5602} = {0070E83B-2DDD-4537-A83F-1CF8644F2880}
		{260BDF91-E7C7-4CB4-A39D-E1A5374C5602} = {0070E83B-2DDD-4537-A83F-1CF8644F2880}
		{90DB61D1-5538-49A4-9F8F-E2F67C1EEED0} = {A3C56B2E-55EE-44EC-876E-B03B8DDA3317}
		{1CE82D1C-FEC6-4F25-A0FF-94E137F750AF} = {A3C56B2E-55EE-44EC-876E-B03B8DDA3317}
		{BF6A82F1-93DD-4022-9B20-DF83C3FE3C1B} = {A3C56B2E-55EE-44EC-876E-B03B8DDA3317}
	EndGlobalSection
	GlobalSection(ExtensibilityGlobals) = postSolution
		SolutionGuid = {0CBE2805-F0FF-4D0F-902C-8B9277A5D3F2}
	EndGlobalSection
EndGlobal
